
Microsoft Visual Studio Solution File, Format Version 12.00
# Visual Studio 15
VisualStudioVersion = 15.0.28307.1000
MinimumVisualStudioVersion = 10.0.40219.1
Project("{FAE04EC0-301F-11D3-BF4B-00C04F79EFBC}") = "ConsoleApp", "ConsoleApp\ConsoleApp.csproj", "{B4D25DA0-769C-4B1B-8F62-035012562A96}"
EndProject
Global
	GlobalSection(SolutionConfigurationPlatforms) = preSolution
		Debug|Any CPU = Debug|Any CPU
		Release|Any CPU = Release|Any CPU
	EndGlobalSection
	GlobalSection(ProjectConfigurationPlatforms) = postSolution
		{B4D25DA0-769C-4B1B-8F62-035012562A96}.Debug|Any CPU.ActiveCfg = Debug|Any CPU
		{B4D25DA0-769C-4B1B-8F62-035012562A96}.Debug|Any CPU.Build.0 = Debug|Any CPU
		{B4D25DA0-769C-4B1B-8F62-035012562A96}.Release|Any CPU.ActiveCfg = Release|Any CPU
		{B4D25DA0-769C-4B1B-8F62-035012562A96}.Release|Any CPU.Build.0 = Release|Any CPU
	EndGlobalSection
	GlobalSection(SolutionProperties) = preSolution
		HideSolutionNode = FALSE
	EndGlobalSection
	GlobalSection(ExtensibilityGlobals) = postSolution
		SolutionGuid = {44A3A708-125A-4A85-AADB-64FC21E739B3}
	EndGlobalSection
EndGlobal
